// !$*UTF8*$!
{
	archiveVersion = 1;
	classes = {
	};
	objectVersion = 56;
	objects = {

/* Begin PBXBuildFile section */
		1A00000000000000000000D1 /* AppDelegate.swift in Sources */ = {isa = PBXBuildFile; fileRef = 1A00000000000000000000C1 /* AppDelegate.swift */; };
		1A00000000000000000000D2 /* SceneDelegate.swift in Sources */ = {isa = PBXBuildFile; fileRef = 1A00000000000000000000C2 /* SceneDelegate.swift */; };
		1A00000000000000000000D3 /* MarkdownEditorViewController.swift in Sources */ = {isa = PBXBuildFile; fileRef = 1A00000000000000000000C3 /* MarkdownEditorViewController.swift */; };
		1A00000000000000000000D4 /* SampleDocument.swift in Sources */ = {isa = PBXBuildFile; fileRef = 1A00000000000000000000C4 /* SampleDocument.swift */; };
		1A00000000000000000000F3 /* EditorTypingUITests.swift in Sources */ = {isa = PBXBuildFile; fileRef = 1A00000000000000000000F2 /* EditorTypingUITests.swift */; };
		1A00000000000000000000E5 /* MarkdownEditorKit in Frameworks */ = {isa = PBXBuildFile; productRef = 1A00000000000000000000E2 /* MarkdownEditorKit */; };
		1A00000000000000000000E6 /* MarkdownPreviewKit in Frameworks */ = {isa = PBXBuildFile; productRef = 1A00000000000000000000E3 /* MarkdownPreviewKit */; };
		1A00000000000000000000E7 /* MarkdownCoreKit in Frameworks */ = {isa = PBXBuildFile; productRef = 1A00000000000000000000E4 /* MarkdownCoreKit */; };
/* End PBXBuildFile section */

/* Begin PBXContainerItemProxy section */
		1A00000000000000000000F8 /* PBXContainerItemProxy */ = {
			isa = PBXContainerItemProxy;
			containerPortal = 1A00000000000000000000A1 /* Project object */;
			proxyType = 1;
			remoteGlobalIDString = 1A00000000000000000000A5;
			remoteInfo = MarkdownDemo;
		};
/* End PBXContainerItemProxy section */

/* Begin PBXFileReference section */
		1A00000000000000000000A6 /* MarkdownDemo.app */ = {isa = PBXFileReference; explicitFileType = wrapper.application; includeInIndex = 0; path = MarkdownDemo.app; sourceTree = BUILT_PRODUCTS_DIR; };
		1A00000000000000000000C1 /* AppDelegate.swift */ = {isa = PBXFileReference; lastKnownFileType = sourcecode.swift; path = AppDelegate.swift; sourceTree = "<group>"; };
		1A00000000000000000000C2 /* SceneDelegate.swift */ = {isa = PBXFileReference; lastKnownFileType = sourcecode.swift; path = SceneDelegate.swift; sourceTree = "<group>"; };
		1A00000000000000000000C3 /* MarkdownEditorViewController.swift */ = {isa = PBXFileReference; lastKnownFileType = sourcecode.swift; path = MarkdownEditorViewController.swift; sourceTree = "<group>"; };
		1A00000000000000000000C4 /* SampleDocument.swift */ = {isa = PBXFileReference; lastKnownFileType = sourcecode.swift; path = SampleDocument.swift; sourceTree = "<group>"; };
		1A00000000000000000000C5 /* Info.plist */ = {isa = PBXFileReference; lastKnownFileType = text.plist.xml; path = Info.plist; sourceTree = "<group>"; };
		1A00000000000000000000F2 /* EditorTypingUITests.swift */ = {isa = PBXFileReference; lastKnownFileType = sourcecode.swift; path = EditorTypingUITests.swift; sourceTree = "<group>"; };
		1A00000000000000000000F1 /* MarkdownDemoUITests.xctest */ = {isa = PBXFileReference; explicitFileType = wrapper.cfbundle; includeInIndex = 0; path = MarkdownDemoUITests.xctest; sourceTree = BUILT_PRODUCTS_DIR; };
/* End PBXFileReference section */

/* Begin PBXFrameworksBuildPhase section */
		1A00000000000000000000F5 /* Frameworks */ = {
			isa = PBXFrameworksBuildPhase;
			buildActionMask = 2147483647;
			files = (
			);
			runOnlyForDeploymentPostprocessing = 0;
		};
		1A00000000000000000000A8 /* Frameworks */ = {
			isa = PBXFrameworksBuildPhase;
			buildActionMask = 2147483647;
			files = (
				1A00000000000000000000E5 /* MarkdownEditorKit in Frameworks */,
				1A00000000000000000000E6 /* MarkdownPreviewKit in Frameworks */,
				1A00000000000000000000E7 /* MarkdownCoreKit in Frameworks */,
			);
			runOnlyForDeploymentPostprocessing = 0;
		};
/* End PBXFrameworksBuildPhase section */

/* Begin PBXGroup section */
		1A00000000000000000000A2 = {
			isa = PBXGroup;
			children = (
				1A00000000000000000000A4 /* MarkdownDemo */,
				1A00000000000000000000F0 /* MarkdownDemoUITests */,
				1A00000000000000000000A3 /* Products */,
			);
			sourceTree = "<group>";
		};
		1A00000000000000000000A3 /* Products */ = {
			isa = PBXGroup;
			children = (
				1A00000000000000000000A6 /* MarkdownDemo.app */,
				1A00000000000000000000F1 /* MarkdownDemoUITests.xctest */,
			);
			name = Products;
			sourceTree = "<group>";
		};
		1A00000000000000000000A4 /* MarkdownDemo */ = {
			isa = PBXGroup;
			children = (
				1A00000000000000000000C1 /* AppDelegate.swift */,
				1A00000000000000000000C2 /* SceneDelegate.swift */,
				1A00000000000000000000C3 /* MarkdownEditorViewController.swift */,
				1A00000000000000000000C4 /* SampleDocument.swift */,
				1A00000000000000000000C5 /* Info.plist */,
			);
			path = MarkdownDemo;
			sourceTree = "<group>";
		};
		1A00000000000000000000F0 /* MarkdownDemoUITests */ = {
			isa = PBXGroup;
			children = (
				1A00000000000000000000F2 /* EditorTypingUITests.swift */,
			);
			path = MarkdownDemoUITests;
			sourceTree = "<group>";
		};
/* End PBXGroup section */

/* Begin PBXNativeTarget section */
		1A00000000000000000000A5 /* MarkdownDemo */ = {
			isa = PBXNativeTarget;
			buildConfigurationList = 1A00000000000000000000B2 /* Build configuration list for PBXNativeTarget "MarkdownDemo" */;
			buildPhases = (
				1A00000000000000000000A7 /* Sources */,
				1A00000000000000000000A8 /* Frameworks */,
				1A00000000000000000000A9 /* Resources */,
			);
			buildRules = (
			);
			dependencies = (
			);
			name = MarkdownDemo;
			packageProductDependencies = (
				1A00000000000000000000E2 /* MarkdownEditorKit */,
				1A00000000000000000000E3 /* MarkdownPreviewKit */,
				1A00000000000000000000E4 /* MarkdownCoreKit */,
			);
			productName = MarkdownDemo;
			productReference = 1A00000000000000000000A6 /* MarkdownDemo.app */;
			productType = "com.apple.product-type.application";
		};
		1A00000000000000000000F4 /* MarkdownDemoUITests */ = {
			isa = PBXNativeTarget;
			buildConfigurationList = 1A00000000000000000000F7 /* Build configuration list for PBXNativeTarget "MarkdownDemoUITests" */;
			buildPhases = (
				1A00000000000000000000F6 /* Sources */,
				1A00000000000000000000F5 /* Frameworks */,
				1A00000000000000000000F9 /* Resources */,
			);
			buildRules = (
			);
			dependencies = (
				1A00000000000000000000FB /* PBXTargetDependency */,
			);
			name = MarkdownDemoUITests;
			productName = MarkdownDemoUITests;
			productReference = 1A00000000000000000000F1 /* MarkdownDemoUITests.xctest */;
			productType = "com.apple.product-type.bundle.ui-testing";
		};
/* End PBXNativeTarget section */

/* Begin PBXProject section */
		1A00000000000000000000A1 /* Project object */ = {
			isa = PBXProject;
			attributes = {
				BuildIndependentTargetsInParallel = 1;
				LastSwiftUpdateCheck = 1600;
				LastUpgradeCheck = 1600;
				TargetAttributes = {
					1A00000000000000000000A5 = {
						CreatedOnToolsVersion = 16.0;
					};
					1A00000000000000000000F4 = {
						CreatedOnToolsVersion = 16.0;
						TestTargetID = 1A00000000000000000000A5;
					};
				};
			};
			buildConfigurationList = 1A00000000000000000000B1 /* Build configuration list for PBXProject "MarkdownDemo" */;
			compatibilityVersion = "Xcode 14.0";
			developmentRegion = en;
			hasScannedForEncodings = 0;
			knownRegions = (
				en,
				Base,
			);
			mainGroup = 1A00000000000000000000A2;
			packageReferences = (
				1A00000000000000000000E1 /* XCLocalSwiftPackageReference ".." */,
			);
			productRefGroup = 1A00000000000000000000A3 /* Products */;
			projectDirPath = "";
			projectRoot = "";
			targets = (
				1A00000000000000000000A5 /* MarkdownDemo */,
				1A00000000000000000000F4 /* MarkdownDemoUITests */,
			);
		};
/* End PBXProject section */

/* Begin PBXResourcesBuildPhase section */
		1A00000000000000000000F9 /* Resources */ = {
			isa = PBXResourcesBuildPhase;
			buildActionMask = 2147483647;
			files = (
			);
			runOnlyForDeploymentPostprocessing = 0;
		};
		1A00000000000000000000A9 /* Resources */ = {
			isa = PBXResourcesBuildPhase;
			buildActionMask = 2147483647;
			files = (
			);
			runOnlyForDeploymentPostprocessing = 0;
		};
/* End PBXResourcesBuildPhase section */

/* Begin PBXSourcesBuildPhase section */
		1A00000000000000000000F6 /* Sources */ = {
			isa = PBXSourcesBuildPhase;
			buildActionMask = 2147483647;
			files = (
				1A00000000000000000000F3 /* EditorTypingUITests.swift in Sources */,
			);
			runOnlyForDeploymentPostprocessing = 0;
		};
		1A00000000000000000000A7 /* Sources */ = {
			isa = PBXSourcesBuildPhase;
			buildActionMask = 2147483647;
			files = (
				1A00000000000000000000D1 /* AppDelegate.swift in Sources */,
				1A00000000000000000000D2 /* SceneDelegate.swift in Sources */,
				1A00000000000000000000D3 /* MarkdownEditorViewController.swift in Sources */,
				1A00000000000000000000D4 /* SampleDocument.swift in Sources */,
			);
			runOnlyForDeploymentPostprocessing = 0;
		};
/* End PBXSourcesBuildPhase section */

/* Begin PBXTargetDependency section */
		1A00000000000000000000FB /* PBXTargetDependency */ = {
			isa = PBXTargetDependency;
			target = 1A00000000000000000000A5 /* MarkdownDemo */;
			targetProxy = 1A00000000000000000000F8 /* PBXContainerItemProxy */;
		};
/* End PBXTargetDependency section */

/* Begin XCBuildConfiguration section */
		1A00000000000000000000B3 /* Debug */ = {
			isa = XCBuildConfiguration;
			buildSettings = {
				ALWAYS_SEARCH_USER_PATHS = NO;
				CLANG_ANALYZER_NONNULL = YES;
				CLANG_ANALYZER_NUMBER_OBJECT_CONVERSION = YES_AGGRESSIVE;
				CLANG_CXX_LANGUAGE_STANDARD = "gnu++20";
				CLANG_ENABLE_MODULES = YES;
				CLANG_ENABLE_OBJC_ARC = YES;
				CLANG_ENABLE_OBJC_WEAK = YES;
				CLANG_WARN_BLOCK_CAPTURE_AUTORELEASING = YES;
				CLANG_WARN_BOOL_CONVERSION = YES;
				CLANG_WARN_COMMA = YES;
				CLANG_WARN_CONSTANT_CONVERSION = YES;
				CLANG_WARN_DEPRECATED_OBJC_IMPLEMENTATIONS = YES;
				CLANG_WARN_DIRECT_OBJC_ISA_USAGE = YES_ERROR;
				CLANG_WARN_DOCUMENTATION_COMMENTS = YES;
				CLANG_WARN_EMPTY_BODY = YES;
				CLANG_WARN_ENUM_CONVERSION = YES;
				CLANG_WARN_INFINITE_RECURSION = YES;
				CLANG_WARN_INT_CONVERSION = YES;
				CLANG_WARN_NON_LITERAL_NULL_CONVERSION = YES;
				CLANG_WARN_OBJC_IMPLICIT_RETAIN_SELF = YES;
				CLANG_WARN_OBJC_LITERAL_CONVERSION = YES;
				CLANG_WARN_OBJC_ROOT_CLASS = YES_ERROR;
				CLANG_WARN_QUOTED_INCLUDE_IN_FRAMEWORK_HEADER = YES;
				CLANG_WARN_RANGE_LOOP_ANALYSIS = YES;
				CLANG_WARN_STRICT_PROTOTYPES = YES;
				CLANG_WARN_SUSPICIOUS_MOVE = YES;
				CLANG_WARN_UNGUARDED_AVAILABILITY = YES_AGGRESSIVE;
				CLANG_WARN_UNREACHABLE_CODE = YES;
				CLANG_WARN__DUPLICATE_METHOD_MATCH = YES;
				COPY_PHASE_STRIP = NO;
				DEBUG_INFORMATION_FORMAT = dwarf;
				ENABLE_STRICT_OBJC_MSGSEND = YES;
				ENABLE_TESTABILITY = YES;
				GCC_C_LANGUAGE_STANDARD = gnu17;
				GCC_DYNAMIC_NO_PIC = NO;
				GCC_NO_COMMON_BLOCKS = YES;
				GCC_OPTIMIZATION_LEVEL = 0;
				GCC_PREPROCESSOR_DEFINITIONS = (
					"DEBUG=1",
					"$(inherited)",
				);
				GCC_WARN_64_TO_32_BIT_CONVERSION = YES;
				GCC_WARN_ABOUT_RETURN_TYPE = YES_ERROR;
				GCC_WARN_UNDECLARED_SELECTOR = YES;
				GCC_WARN_UNINITIALIZED_AUTOS = YES_AGGRESSIVE;
				GCC_WARN_UNUSED_FUNCTION = YES;
				GCC_WARN_UNUSED_VARIABLE = YES;
				IPHONEOS_DEPLOYMENT_TARGET = 16.0;
				MTL_ENABLE_DEBUG_INFO = INCLUDE_SOURCE;
				MTL_FAST_MATH = YES;
				ONLY_ACTIVE_ARCH = YES;
				SDKROOT = iphoneos;
				SWIFT_ACTIVE_COMPILATION_CONDITIONS = "DEBUG $(inherited)";
				SWIFT_OPTIMIZATION_LEVEL = "-Onone";
			};
			name = Debug;
		};
		1A00000000000000000000B4 /* Release */ = {
			isa = XCBuildConfiguration;
			buildSettings = {
				ALWAYS_SEARCH_USER_PATHS = NO;
				CLANG_ANALYZER_NONNULL = YES;
				CLANG_ANALYZER_NUMBER_OBJECT_CONVERSION = YES_AGGRESSIVE;
				CLANG_CXX_LANGUAGE_STANDARD = "gnu++20";
				CLANG_ENABLE_MODULES = YES;
				CLANG_ENABLE_OBJC_ARC = YES;
				CLANG_ENABLE_OBJC_WEAK = YES;
				CLANG_WARN_BLOCK_CAPTURE_AUTORELEASING = YES;
				CLANG_WARN_BOOL_CONVERSION = YES;
				CLANG_WARN_COMMA = YES;
				CLANG_WARN_CONSTANT_CONVERSION = YES;
				CLANG_WARN_DEPRECATED_OBJC_IMPLEMENTATIONS = YES;
				CLANG_WARN_DIRECT_OBJC_ISA_USAGE = YES_ERROR;
				CLANG_WARN_DOCUMENTATION_COMMENTS = YES;
				CLANG_WARN_EMPTY_BODY = YES;
				CLANG_WARN_ENUM_CONVERSION = YES;
				CLANG_WARN_INFINITE_RECURSION = YES;
				CLANG_WARN_INT_CONVERSION = YES;
				CLANG_WARN_NON_LITERAL_NULL_CONVERSION = YES;
				CLANG_WARN_OBJC_IMPLICIT_RETAIN_SELF = YES;
				CLANG_WARN_OBJC_LITERAL_CONVERSION = YES;
				CLANG_WARN_OBJC_ROOT_CLASS = YES_ERROR;
				CLANG_WARN_QUOTED_INCLUDE_IN_FRAMEWORK_HEADER = YES;
				CLANG_WARN_RANGE_LOOP_ANALYSIS = YES;
				CLANG_WARN_STRICT_PROTOTYPES = YES;
				CLANG_WARN_SUSPICIOUS_MOVE = YES;
				CLANG_WARN_UNGUARDED_AVAILABILITY = YES_AGGRESSIVE;
				CLANG_WARN_UNREACHABLE_CODE = YES;
				CLANG_WARN__DUPLICATE_METHOD_MATCH = YES;
				COPY_PHASE_STRIP = NO;
				DEBUG_INFORMATION_FORMAT = "dwarf-with-dsym";
				ENABLE_NS_ASSERTIONS = NO;
				ENABLE_STRICT_OBJC_MSGSEND = YES;
				GCC_C_LANGUAGE_STANDARD = gnu17;
				GCC_NO_COMMON_BLOCKS = YES;
				GCC_WARN_64_TO_32_BIT_CONVERSION = YES;
				GCC_WARN_ABOUT_RETURN_TYPE = YES_ERROR;
				GCC_WARN_UNDECLARED_SELECTOR = YES;
				GCC_WARN_UNINITIALIZED_AUTOS = YES_AGGRESSIVE;
				GCC_WARN_UNUSED_FUNCTION = YES;
				GCC_WARN_UNUSED_VARIABLE = YES;
				IPHONEOS_DEPLOYMENT_TARGET = 16.0;
				MTL_ENABLE_DEBUG_INFO = NO;
				MTL_FAST_MATH = YES;
				SDKROOT = iphoneos;
				SWIFT_COMPILATION_MODE = wholemodule;
				SWIFT_OPTIMIZATION_LEVEL = "-O";
				VALIDATE_PRODUCT = YES;
			};
			name = Release;
		};
		1A00000000000000000000B5 /* Debug */ = {
			isa = XCBuildConfiguration;
			buildSettings = {
				CODE_SIGN_STYLE = Automatic;
				CURRENT_PROJECT_VERSION = 1;
				DEVELOPMENT_TEAM = W6J52FJS7U;
				ENABLE_PREVIEWS = YES;
				GENERATE_INFOPLIST_FILE = NO;
				INFOPLIST_FILE = MarkdownDemo/Info.plist;
				IPHONEOS_DEPLOYMENT_TARGET = 16.0;
				LD_RUNPATH_SEARCH_PATHS = (
					"$(inherited)",
					"@executable_path/Frameworks",
				);
				MARKETING_VERSION = 1.0;
				PRODUCT_BUNDLE_IDENTIFIER = dev.pan.MarkdownDemo;
				PRODUCT_NAME = "$(TARGET_NAME)";
				SUPPORTS_MACCATALYST = YES;
				DERIVE_MACCATALYST_PRODUCT_BUNDLE_IDENTIFIER = YES;
				SWIFT_EMIT_LOC_STRINGS = YES;
				SWIFT_VERSION = 6.0;
				TARGETED_DEVICE_FAMILY = "1,2";
			};
			name = Debug;
		};
		1A00000000000000000000B6 /* Release */ = {
			isa = XCBuildConfiguration;
			buildSettings = {
				CODE_SIGN_STYLE = Automatic;
				CURRENT_PROJECT_VERSION = 1;
				DEVELOPMENT_TEAM = W6J52FJS7U;
				ENABLE_PREVIEWS = YES;
				GENERATE_INFOPLIST_FILE = NO;
				INFOPLIST_FILE = MarkdownDemo/Info.plist;
				IPHONEOS_DEPLOYMENT_TARGET = 16.0;
				LD_RUNPATH_SEARCH_PATHS = (
					"$(inherited)",
					"@executable_path/Frameworks",
				);
				MARKETING_VERSION = 1.0;
				PRODUCT_BUNDLE_IDENTIFIER = dev.pan.MarkdownDemo;
				PRODUCT_NAME = "$(TARGET_NAME)";
				SUPPORTS_MACCATALYST = YES;
				DERIVE_MACCATALYST_PRODUCT_BUNDLE_IDENTIFIER = YES;
				SWIFT_EMIT_LOC_STRINGS = YES;
				SWIFT_VERSION = 6.0;
				TARGETED_DEVICE_FAMILY = "1,2";
			};
			name = Release;
		};
		1A00000000000000000000FA /* Debug */ = {
			isa = XCBuildConfiguration;
			buildSettings = {
				CODE_SIGN_STYLE = Automatic;
				CURRENT_PROJECT_VERSION = 1;
				GENERATE_INFOPLIST_FILE = YES;
				IPHONEOS_DEPLOYMENT_TARGET = 16.0;
				MARKETING_VERSION = 1.0;
				PRODUCT_BUNDLE_IDENTIFIER = dev.pan.MarkdownDemoUITests;
				PRODUCT_NAME = "$(TARGET_NAME)";
				SWIFT_EMIT_LOC_STRINGS = NO;
				SWIFT_VERSION = 6.0;
				TARGETED_DEVICE_FAMILY = "1,2";
				TEST_TARGET_NAME = MarkdownDemo;
			};
			name = Debug;
		};
		1A00000000000000000000FC /* Release */ = {
			isa = XCBuildConfiguration;
			buildSettings = {
				CODE_SIGN_STYLE = Automatic;
				CURRENT_PROJECT_VERSION = 1;
				GENERATE_INFOPLIST_FILE = YES;
				IPHONEOS_DEPLOYMENT_TARGET = 16.0;
				MARKETING_VERSION = 1.0;
				PRODUCT_BUNDLE_IDENTIFIER = dev.pan.MarkdownDemoUITests;
				PRODUCT_NAME = "$(TARGET_NAME)";
				SWIFT_EMIT_LOC_STRINGS = NO;
				SWIFT_VERSION = 6.0;
				TARGETED_DEVICE_FAMILY = "1,2";
				TEST_TARGET_NAME = MarkdownDemo;
			};
			name = Release;
		};
/* End XCBuildConfiguration section */

/* Begin XCConfigurationList section */
		1A00000000000000000000B1 /* Build configuration list for PBXProject "MarkdownDemo" */ = {
			isa = XCConfigurationList;
			buildConfigurations = (
				1A00000000000000000000B3 /* Debug */,
				1A00000000000000000000B4 /* Release */,
			);
			defaultConfigurationIsVisible = 0;
			defaultConfigurationName = Release;
		};
		1A00000000000000000000B2 /* Build configuration list for PBXNativeTarget "MarkdownDemo" */ = {
			isa = XCConfigurationList;
			buildConfigurations = (
				1A00000000000000000000B5 /* Debug */,
				1A00000000000000000000B6 /* Release */,
			);
			defaultConfigurationIsVisible = 0;
			defaultConfigurationName = Release;
		};
		1A00000000000000000000F7 /* Build configuration list for PBXNativeTarget "MarkdownDemoUITests" */ = {
			isa = XCConfigurationList;
			buildConfigurations = (
				1A00000000000000000000FA /* Debug */,
				1A00000000000000000000FC /* Release */,
			);
			defaultConfigurationIsVisible = 0;
			defaultConfigurationName = Release;
		};
/* End XCConfigurationList section */

/* Begin XCLocalSwiftPackageReference section */
		1A00000000000000000000E1 /* XCLocalSwiftPackageReference ".." */ = {
			isa = XCLocalSwiftPackageReference;
			relativePath = ..;
		};
/* End XCLocalSwiftPackageReference section */

/* Begin XCSwiftPackageProductDependency section */
		1A00000000000000000000E2 /* MarkdownEditorKit */ = {
			isa = XCSwiftPackageProductDependency;
			productName = MarkdownEditorKit;
		};
		1A00000000000000000000E3 /* MarkdownPreviewKit */ = {
			isa = XCSwiftPackageProductDependency;
			productName = MarkdownPreviewKit;
		};
		1A00000000000000000000E4 /* MarkdownCoreKit */ = {
			isa = XCSwiftPackageProductDependency;
			productName = MarkdownCoreKit;
		};
/* End XCSwiftPackageProductDependency section */
	};
	rootObject = 1A00000000000000000000A1 /* Project object */;
}
